lockfileVersion: '9.0'

settings:
  autoInstallPeers: true
  excludeLinksFromLockfile: false

importers:

  .:
    dependencies:
      ai-motion:
        specifier: ^0.4.8
        version: 0.4.8

packages:

  ai-motion@0.4.8:
    resolution: {integrity: sha512-9nQVjf8lrYQWSW0sZdb9bES4x8Ei1w9C0S62po2KvRbMjslmjm0WMeszyW771SEauDnu4YGWqurLZ/gCkCTosQ==}

snapshots:

  ai-motion@0.4.8: {}
